// !$*UTF8*$!
{
	archiveVersion = 1;
	classes = {
	};
	objectVersion = 55;
	objects = {

/* Begin PBXBuildFile section */
		515BA15529197ACA00A4DD51 /* AppDelegate.swift in Sources */ = {isa = PBXBuildFile; fileRef = 515BA15429197ACA00A4DD51 /* AppDelegate.swift */; };
		515BA15729197ACA00A4DD51 /* SceneDelegate.swift in Sources */ = {isa = PBXBuildFile; fileRef = 515BA15629197ACA00A4DD51 /* SceneDelegate.swift */; };
		515BA15929197ACA00A4DD51 /* QuestionsViewController.swift in Sources */ = {isa = PBXBuildFile; fileRef = 515BA15829197ACA00A4DD51 /* QuestionsViewController.swift */; };
		515BA15C29197ACA00A4DD51 /* Main.storyboard in Resources */ = {isa = PBXBuildFile; fileRef = 515BA15A29197ACA00A4DD51 /* Main.storyboard */; };
		515BA15E29197ACB00A4DD51 /* Assets.xcassets in Resources */ = {isa = PBXBuildFile; fileRef = 515BA15D29197ACB00A4DD51 /* Assets.xcassets */; };
		515BA16129197ACB00A4DD51 /* LaunchScreen.storyboard in Resources */ = {isa = PBXBuildFile; fileRef = 515BA15F29197ACB00A4DD51 /* LaunchScreen.storyboard */; };
		515BA1692919846200A4DD51 /* Question.swift in Sources */ = {isa = PBXBuildFile; fileRef = 515BA1682919846200A4DD51 /* Question.swift */; };
		515C386F291D6E1D008D3632 /* ResultViewController.swift in Sources */ = {isa = PBXBuildFile; fileRef = 515C386E291D6E1D008D3632 /* ResultViewController.swift */; };
/* End PBXBuildFile section */

/* Begin PBXFileReference section */
		515BA15129197ACA00A4DD51 /* YourKitchen.app */ = {isa = PBXFileReference; explicitFileType = wrapper.application; includeInIndex = 0; path = YourKitchen.app; sourceTree = BUILT_PRODUCTS_DIR; };
		515BA15429197ACA00A4DD51 /* AppDelegate.swift */ = {isa = PBXFileReference; lastKnownFileType = sourcecode.swift; path = AppDelegate.swift; sourceTree = "<group>"; };
		515BA15629197ACA00A4DD51 /* SceneDelegate.swift */ = {isa = PBXFileReference; lastKnownFileType = sourcecode.swift; path = SceneDelegate.swift; sourceTree = "<group>"; };
		515BA15829197ACA00A4DD51 /* QuestionsViewController.swift */ = {isa = PBXFileReference; lastKnownFileType = sourcecode.swift; path = QuestionsViewController.swift; sourceTree = "<group>"; };
		515BA15B29197ACA00A4DD51 /* Base */ = {isa = PBXFileReference; lastKnownFileType = file.storyboard; name = Base; path = Base.lproj/Main.storyboard; sourceTree = "<group>"; };
		515BA15D29197ACB00A4DD51 /* Assets.xcassets */ = {isa = PBXFileReference; lastKnownFileType = folder.assetcatalog; path = Assets.xcassets; sourceTree = "<group>"; };
		515BA16029197ACB00A4DD51 /* Base */ = {isa = PBXFileReference; lastKnownFileType = file.storyboard; name = Base; path = Base.lproj/LaunchScreen.storyboard; sourceTree = "<group>"; };
		515BA16229197ACB00A4DD51 /* Info.plist */ = {isa = PBXFileReference; lastKnownFileType = text.plist.xml; path = Info.plist; sourceTree = "<group>"; };
		515BA1682919846200A4DD51 /* Question.swift */ = {isa = PBXFileReference; lastKnownFileType = sourcecode.swift; path = Question.swift; sourceTree = "<group>"; };
		515C386E291D6E1D008D3632 /* ResultViewController.swift */ = {isa = PBXFileReference; lastKnownFileType = sourcecode.swift; path = ResultViewController.swift; sourceTree = "<group>"; };
/* End PBXFileReference section */

/* Begin PBXFrameworksBuildPhase section */
		515BA14E29197ACA00A4DD51 /* Frameworks */ = {
			isa = PBXFrameworksBuildPhase;
			buildActionMask = 2147483647;
			files = (
			);
			runOnlyForDeploymentPostprocessing = 0;
		};
/* End PBXFrameworksBuildPhase section */

/* Begin PBXGroup section */
		515BA14829197ACA00A4DD51 = {
			isa = PBXGroup;
			children = (
				515BA15329197ACA00A4DD51 /* YourKitchen */,
				515BA15229197ACA00A4DD51 /* Products */,
			);
			sourceTree = "<group>";
		};
		515BA15229197ACA00A4DD51 /* Products */ = {
			isa = PBXGroup;
			children = (
				515BA15129197ACA00A4DD51 /* YourKitchen.app */,
			);
			name = Products;
			sourceTree = "<group>";
		};
		515BA15329197ACA00A4DD51 /* YourKitchen */ = {
			isa = PBXGroup;
			children = (
				515BA16A2919849B00A4DD51 /* App */,
				515BA16B291984B400A4DD51 /* ViewControllers */,
				515BA16D2919851600A4DD51 /* Models */,
				515BA16C291984F400A4DD51 /* Storyboards */,
				515BA16E2919852E00A4DD51 /* Resources */,
			);
			path = YourKitchen;
			sourceTree = "<group>";
		};
		515BA16A2919849B00A4DD51 /* App */ = {
			isa = PBXGroup;
			children = (
				515BA15429197ACA00A4DD51 /* AppDelegate.swift */,
				515BA15629197ACA00A4DD51 /* SceneDelegate.swift */,
				515BA16229197ACB00A4DD51 /* Info.plist */,
			);
			path = App;
			sourceTree = "<group>";
		};
		515BA16B291984B400A4DD51 /* ViewControllers */ = {
			isa = PBXGroup;
			children = (
				515BA15829197ACA00A4DD51 /* QuestionsViewController.swift */,
				515C386E291D6E1D008D3632 /* ResultViewController.swift */,
			);
			path = ViewControllers;
			sourceTree = "<group>";
		};
		515BA16C291984F400A4DD51 /* Storyboards */ = {
			isa = PBXGroup;
			children = (
				515BA15A29197ACA00A4DD51 /* Main.storyboard */,
				515BA15F29197ACB00A4DD51 /* LaunchScreen.storyboard */,
			);
			path = Storyboards;
			sourceTree = "<group>";
		};
		515BA16D2919851600A4DD51 /* Models */ = {
			isa = PBXGroup;
			children = (
				515BA1682919846200A4DD51 /* Question.swift */,
			);
			path = Models;
			sourceTree = "<group>";
		};
		515BA16E2919852E00A4DD51 /* Resources */ = {
			isa = PBXGroup;
			children = (
				515BA15D29197ACB00A4DD51 /* Assets.xcassets */,
			);
			path = Resources;
			sourceTree = "<group>";
		};
/* End PBXGroup section */

/* Begin PBXNativeTarget section */
		515BA15029197ACA00A4DD51 /* YourKitchen */ = {
			isa = PBXNativeTarget;
			buildConfigurationList = 515BA16529197ACB00A4DD51 /* Build configuration list for PBXNativeTarget "YourKitchen" */;
			buildPhases = (
				515BA14D29197ACA00A4DD51 /* Sources */,
				515BA14E29197ACA00A4DD51 /* Frameworks */,
				515BA14F29197ACA00A4DD51 /* Resources */,
			);
			buildRules = (
			);
			dependencies = (
			);
			name = YourKitchen;
			productName = PersonalQuiz;
			productReference = 515BA15129197ACA00A4DD51 /* YourKitchen.app */;
			productType = "com.apple.product-type.application";
		};
/* End PBXNativeTarget section */

/* Begin PBXProject section */
		515BA14929197ACA00A4DD51 /* Project object */ = {
			isa = PBXProject;
			attributes = {
				BuildIndependentTargetsInParallel = 1;
				LastSwiftUpdateCheck = 1400;
				LastUpgradeCheck = 1400;
				TargetAttributes = {
					515BA15029197ACA00A4DD51 = {
						CreatedOnToolsVersion = 14.0;
					};
				};
			};
			buildConfigurationList = 515BA14C29197ACA00A4DD51 /* Build configuration list for PBXProject "YourKitchen" */;
			compatibilityVersion = "Xcode 13.0";
			developmentRegion = en;
			hasScannedForEncodings = 0;
			knownRegions = (
				en,
				Base,
			);
			mainGroup = 515BA14829197ACA00A4DD51;
			productRefGroup = 515BA15229197ACA00A4DD51 /* Products */;
			projectDirPath = "";
			projectRoot = "";
			targets = (
				515BA15029197ACA00A4DD51 /* YourKitchen */,
			);
		};
/* End PBXProject section */

/* Begin PBXResourcesBuildPhase section */
		515BA14F29197ACA00A4DD51 /* Resources */ = {
			isa = PBXResourcesBuildPhase;
			buildActionMask = 2147483647;
			files = (
				515BA16129197ACB00A4DD51 /* LaunchScreen.storyboard in Resources */,
				515BA15E29197ACB00A4DD51 /* Assets.xcassets in Resources */,
				515BA15C29197ACA00A4DD51 /* Main.storyboard in Resources */,
			);
			runOnlyForDeploymentPostprocessing = 0;
		};
/* End PBXResourcesBuildPhase section */

/* Begin PBXSourcesBuildPhase section */
		515BA14D29197ACA00A4DD51 /* Sources */ = {
			isa = PBXSourcesBuildPhase;
			buildActionMask = 2147483647;
			files = (
				515C386F291D6E1D008D3632 /* ResultViewController.swift in Sources */,
				515BA15929197ACA00A4DD51 /* QuestionsViewController.swift in Sources */,
				515BA1692919846200A4DD51 /* Question.swift in Sources */,
				515BA15529197ACA00A4DD51 /* AppDelegate.swift in Sources */,
				515BA15729197ACA00A4DD51 /* SceneDelegate.swift in Sources */,
			);
			runOnlyForDeploymentPostprocessing = 0;
		};
/* End PBXSourcesBuildPhase section */

/* Begin PBXVariantGroup section */
		515BA15A29197ACA00A4DD51 /* Main.storyboard */ = {
			isa = PBXVariantGroup;
			children = (
				515BA15B29197ACA00A4DD51 /* Base */,
			);
			name = Main.storyboard;
			sourceTree = "<group>";
		};
		515BA15F29197ACB00A4DD51 /* LaunchScreen.storyboard */ = {
			isa = PBXVariantGroup;
			children = (
				515BA16029197ACB00A4DD51 /* Base */,
			);
			name = LaunchScreen.storyboard;
			sourceTree = "<group>";
		};
/* End PBXVariantGroup section */

/* Begin XCBuildConfiguration section */
		515BA16329197ACB00A4DD51 /* Debug */ = {
			isa = XCBuildConfiguration;
			buildSettings = {
				ALWAYS_SEARCH_USER_PATHS = NO;
				CLANG_ANALYZER_NONNULL = YES;
				CLANG_ANALYZER_NUMBER_OBJECT_CONVERSION = YES_AGGRESSIVE;
				CLANG_CXX_LANGUAGE_STANDARD = "gnu++20";
				CLANG_ENABLE_MODULES = YES;
				CLANG_ENABLE_OBJC_ARC = YES;
				CLANG_ENABLE_OBJC_WEAK = YES;
				CLANG_WARN_BLOCK_CAPTURE_AUTORELEASING = YES;
				CLANG_WARN_BOOL_CONVERSION = YES;
				CLANG_WARN_COMMA = YES;
				CLANG_WARN_CONSTANT_CONVERSION = YES;
				CLANG_WARN_DEPRECATED_OBJC_IMPLEMENTATIONS = YES;
				CLANG_WARN_DIRECT_OBJC_ISA_USAGE = YES_ERROR;
				CLANG_WARN_DOCUMENTATION_COMMENTS = YES;
				CLANG_WARN_EMPTY_BODY = YES;
				CLANG_WARN_ENUM_CONVERSION = YES;
				CLANG_WARN_INFINITE_RECURSION = YES;
				CLANG_WARN_INT_CONVERSION = YES;
				CLANG_WARN_NON_LITERAL_NULL_CONVERSION = YES;
				CLANG_WARN_OBJC_IMPLICIT_RETAIN_SELF = YES;
				CLANG_WARN_OBJC_LITERAL_CONVERSION = YES;
				CLANG_WARN_OBJC_ROOT_CLASS = YES_ERROR;
				CLANG_WARN_QUOTED_INCLUDE_IN_FRAMEWORK_HEADER = YES;
				CLANG_WARN_RANGE_LOOP_ANALYSIS = YES;
				CLANG_WARN_STRICT_PROTOTYPES = YES;
				CLANG_WARN_SUSPICIOUS_MOVE = YES;
				CLANG_WARN_UNGUARDED_AVAILABILITY = YES_AGGRESSIVE;
				CLANG_WARN_UNREACHABLE_CODE = YES;
				CLANG_WARN__DUPLICATE_METHOD_MATCH = YES;
				COPY_PHASE_STRIP = NO;
				DEBUG_INFORMATION_FORMAT = dwarf;
				ENABLE_STRICT_OBJC_MSGSEND = YES;
				ENABLE_TESTABILITY = YES;
				GCC_C_LANGUAGE_STANDARD = gnu11;
				GCC_DYNAMIC_NO_PIC = NO;
				GCC_NO_COMMON_BLOCKS = YES;
				GCC_OPTIMIZATION_LEVEL = 0;
				GCC_PREPROCESSOR_DEFINITIONS = (
					"DEBUG=1",
					"$(inherited)",
				);
				GCC_WARN_64_TO_32_BIT_CONVERSION = YES;
				GCC_WARN_ABOUT_RETURN_TYPE = YES_ERROR;
				GCC_WARN_UNDECLARED_SELECTOR = YES;
				GCC_WARN_UNINITIALIZED_AUTOS = YES_AGGRESSIVE;
				GCC_WARN_UNUSED_FUNCTION = YES;
				GCC_WARN_UNUSED_VARIABLE = YES;
				INFOPLIST_FILE = /Users/zaharknyazev/Documents/YourKitchen/YourKitchen/App/info.plist;
				IPHONEOS_DEPLOYMENT_TARGET = 16.0;
				MTL_ENABLE_DEBUG_INFO = INCLUDE_SOURCE;
				MTL_FAST_MATH = YES;
				ONLY_ACTIVE_ARCH = YES;
				SDKROOT = iphoneos;
				SWIFT_ACTIVE_COMPILATION_CONDITIONS = DEBUG;
				SWIFT_OPTIMIZATION_LEVEL = "-Onone";
			};
			name = Debug;
		};
		515BA16429197ACB00A4DD51 /* Release */ = {
			isa = XCBuildConfiguration;
			buildSettings = {
				ALWAYS_SEARCH_USER_PATHS = NO;
				CLANG_ANALYZER_NONNULL = YES;
				CLANG_ANALYZER_NUMBER_OBJECT_CONVERSION = YES_AGGRESSIVE;
				CLANG_CXX_LANGUAGE_STANDARD = "gnu++20";
				CLANG_ENABLE_MODULES = YES;
				CLANG_ENABLE_OBJC_ARC = YES;
				CLANG_ENABLE_OBJC_WEAK = YES;
				CLANG_WARN_BLOCK_CAPTURE_AUTORELEASING = YES;
				CLANG_WARN_BOOL_CONVERSION = YES;
				CLANG_WARN_COMMA = YES;
				CLANG_WARN_CONSTANT_CONVERSION = YES;
				CLANG_WARN_DEPRECATED_OBJC_IMPLEMENTATIONS = YES;
				CLANG_WARN_DIRECT_OBJC_ISA_USAGE = YES_ERROR;
				CLANG_WARN_DOCUMENTATION_COMMENTS = YES;
				CLANG_WARN_EMPTY_BODY = YES;
				CLANG_WARN_ENUM_CONVERSION = YES;
				CLANG_WARN_INFINITE_RECURSION = YES;
				CLANG_WARN_INT_CONVERSION = YES;
				CLANG_WARN_NON_LITERAL_NULL_CONVERSION = YES;
				CLANG_WARN_OBJC_IMPLICIT_RETAIN_SELF = YES;
				CLANG_WARN_OBJC_LITERAL_CONVERSION = YES;
				CLANG_WARN_OBJC_ROOT_CLASS = YES_ERROR;
				CLANG_WARN_QUOTED_INCLUDE_IN_FRAMEWORK_HEADER = YES;
				CLANG_WARN_RANGE_LOOP_ANALYSIS = YES;
				CLANG_WARN_STRICT_PROTOTYPES = YES;
				CLANG_WARN_SUSPICIOUS_MOVE = YES;
				CLANG_WARN_UNGUARDED_AVAILABILITY = YES_AGGRESSIVE;
				CLANG_WARN_UNREACHABLE_CODE = YES;
				CLANG_WARN__DUPLICATE_METHOD_MATCH = YES;
				COPY_PHASE_STRIP = NO;
				DEBUG_INFORMATION_FORMAT = "dwarf-with-dsym";
				ENABLE_NS_ASSERTIONS = NO;
				ENABLE_STRICT_OBJC_MSGSEND = YES;
				GCC_C_LANGUAGE_STANDARD = gnu11;
				GCC_NO_COMMON_BLOCKS = YES;
				GCC_WARN_64_TO_32_BIT_CONVERSION = YES;
				GCC_WARN_ABOUT_RETURN_TYPE = YES_ERROR;
				GCC_WARN_UNDECLARED_SELECTOR = YES;
				GCC_WARN_UNINITIALIZED_AUTOS = YES_AGGRESSIVE;
				GCC_WARN_UNUSED_FUNCTION = YES;
				GCC_WARN_UNUSED_VARIABLE = YES;
				INFOPLIST_FILE = /Users/zaharknyazev/Documents/YourKitchen/YourKitchen/App/info.plist;
				IPHONEOS_DEPLOYMENT_TARGET = 16.0;
				MTL_ENABLE_DEBUG_INFO = NO;
				MTL_FAST_MATH = YES;
				SDKROOT = iphoneos;
				SWIFT_COMPILATION_MODE = wholemodule;
				SWIFT_OPTIMIZATION_LEVEL = "-O";
				VALIDATE_PRODUCT = YES;
			};
			name = Release;
		};
		515BA16629197ACB00A4DD51 /* Debug */ = {
			isa = XCBuildConfiguration;
			buildSettings = {
				ASSETCATALOG_COMPILER_APPICON_NAME = AppIcon;
				ASSETCATALOG_COMPILER_GLOBAL_ACCENT_COLOR_NAME = AccentColor;
				CODE_SIGN_STYLE = Automatic;
				CURRENT_PROJECT_VERSION = 1;
				DEVELOPMENT_TEAM = R2K7DDWC4H;
				GENERATE_INFOPLIST_FILE = YES;
				INFOPLIST_FILE = YourKitchen/App/Info.plist;
				INFOPLIST_KEY_UIApplicationSupportsIndirectInputEvents = YES;
				INFOPLIST_KEY_UILaunchStoryboardName = LaunchScreen;
				INFOPLIST_KEY_UIMainStoryboardFile = Main;
				INFOPLIST_KEY_UISupportedInterfaceOrientations_iPad = "UIInterfaceOrientationPortrait UIInterfaceOrientationPortraitUpsideDown UIInterfaceOrientationLandscapeLeft UIInterfaceOrientationLandscapeRight";
				INFOPLIST_KEY_UISupportedInterfaceOrientations_iPhone = "UIInterfaceOrientationPortrait UIInterfaceOrientationLandscapeLeft UIInterfaceOrientationLandscapeRight";
				IPHONEOS_DEPLOYMENT_TARGET = 15.0;
				LD_RUNPATH_SEARCH_PATHS = (
					"$(inherited)",
					"@executable_path/Frameworks",
				);
				MARKETING_VERSION = 1.0;
				PRODUCT_BUNDLE_IDENTIFIER = org.swiftBook.YourKitchen;
				PRODUCT_NAME = "$(TARGET_NAME)";
				SWIFT_EMIT_LOC_STRINGS = YES;
				SWIFT_VERSION = 5.0;
				TARGETED_DEVICE_FAMILY = "1,2";
			};
			name = Debug;
		};
		515BA16729197ACB00A4DD51 /* Release */ = {
			isa = XCBuildConfiguration;
			buildSettings = {
				ASSETCATALOG_COMPILER_APPICON_NAME = AppIcon;
				ASSETCATALOG_COMPILER_GLOBAL_ACCENT_COLOR_NAME = AccentColor;
				CODE_SIGN_STYLE = Automatic;
				CURRENT_PROJECT_VERSION = 1;
				DEVELOPMENT_TEAM = R2K7DDWC4H;
				GENERATE_INFOPLIST_FILE = YES;
				INFOPLIST_FILE = YourKitchen/App/Info.plist;
				INFOPLIST_KEY_UIApplicationSupportsIndirectInputEvents = YES;
				INFOPLIST_KEY_UILaunchStoryboardName = LaunchScreen;
				INFOPLIST_KEY_UIMainStoryboardFile = Main;
				INFOPLIST_KEY_UISupportedInterfaceOrientations_iPad = "UIInterfaceOrientationPortrait UIInterfaceOrientationPortraitUpsideDown UIInterfaceOrientationLandscapeLeft UIInterfaceOrientationLandscapeRight";
				INFOPLIST_KEY_UISupportedInterfaceOrientations_iPhone = "UIInterfaceOrientationPortrait UIInterfaceOrientationLandscapeLeft UIInterfaceOrientationLandscapeRight";
				IPHONEOS_DEPLOYMENT_TARGET = 15.0;
				LD_RUNPATH_SEARCH_PATHS = (
					"$(inherited)",
					"@executable_path/Frameworks",
				);
				MARKETING_VERSION = 1.0;
				PRODUCT_BUNDLE_IDENTIFIER = org.swiftBook.YourKitchen;
				PRODUCT_NAME = "$(TARGET_NAME)";
				SWIFT_EMIT_LOC_STRINGS = YES;
				SWIFT_VERSION = 5.0;
				TARGETED_DEVICE_FAMILY = "1,2";
			};
			name = Release;
		};
/* End XCBuildConfiguration section */

/* Begin XCConfigurationList section */
		515BA14C29197ACA00A4DD51 /* Build configuration list for PBXProject "YourKitchen" */ = {
			isa = XCConfigurationList;
			buildConfigurations = (
				515BA16329197ACB00A4DD51 /* Debug */,
				515BA16429197ACB00A4DD51 /* Release */,
			);
			defaultConfigurationIsVisible = 0;
			defaultConfigurationName = Release;
		};
		515BA16529197ACB00A4DD51 /* Build configuration list for PBXNativeTarget "YourKitchen" */ = {
			isa = XCConfigurationList;
			buildConfigurations = (
				515BA16629197ACB00A4DD51 /* Debug */,
				515BA16729197ACB00A4DD51 /* Release */,
			);
			defaultConfigurationIsVisible = 0;
			defaultConfigurationName = Release;
		};
/* End XCConfigurationList section */
	};
	rootObject = 515BA14929197ACA00A4DD51 /* Project object */;
}
